// !$*UTF8*$!
{
	archiveVersion = 1;
	classes = {
	};
	objectVersion = 77;
	objects = {

/* Begin PBXBuildFile section */
		8D8250C62F33A948004D4279 /* WidgetKit.framework in Frameworks */ = {isa = PBXBuildFile; fileRef = 8D8250C52F33A948004D4279 /* WidgetKit.framework */; };
		8D8250C82F33A948004D4279 /* SwiftUI.framework in Frameworks */ = {isa = PBXBuildFile; fileRef = 8D8250C72F33A948004D4279 /* SwiftUI.framework */; };
		8D8250D72F33A949004D4279 /* SpendMateWidgetExtension.appex in Embed Foundation Extensions */ = {isa = PBXBuildFile; fileRef = 8D8250C32F33A948004D4279 /* SpendMateWidgetExtension.appex */; settings = {ATTRIBUTES = (RemoveHeadersOnCopy, ); }; };
		8D8251052F34A4B0004D4279 /* SpendMateIntentsExtension.appex in Embed ExtensionKit Extensions */ = {isa = PBXBuildFile; fileRef = 8D8250FC2F34A4B0004D4279 /* SpendMateIntentsExtension.appex */; settings = {ATTRIBUTES = (RemoveHeadersOnCopy, ); }; };
/* End PBXBuildFile section */

/* Begin PBXContainerItemProxy section */
		8D8250562F2EA03F004D4279 /* PBXContainerItemProxy */ = {
			isa = PBXContainerItemProxy;
			containerPortal = 8D82503E2F2EA03D004D4279 /* Project object */;
			proxyType = 1;
			remoteGlobalIDString = 8D8250452F2EA03D004D4279;
			remoteInfo = SpendMate;
		};
		8D8250602F2EA03F004D4279 /* PBXContainerItemProxy */ = {
			isa = PBXContainerItemProxy;
			containerPortal = 8D82503E2F2EA03D004D4279 /* Project object */;
			proxyType = 1;
			remoteGlobalIDString = 8D8250452F2EA03D004D4279;
			remoteInfo = SpendMate;
		};
		8D8250D52F33A949004D4279 /* PBXContainerItemProxy */ = {
			isa = PBXContainerItemProxy;
			containerPortal = 8D82503E2F2EA03D004D4279 /* Project object */;
			proxyType = 1;
			remoteGlobalIDString = 8D8250C22F33A948004D4279;
			remoteInfo = SpendMateWidgetExtension;
		};
		8D8251032F34A4B0004D4279 /* PBXContainerItemProxy */ = {
			isa = PBXContainerItemProxy;
			containerPortal = 8D82503E2F2EA03D004D4279 /* Project object */;
			proxyType = 1;
			remoteGlobalIDString = 8D8250FB2F34A4B0004D4279;
			remoteInfo = SpendMateIntentsExtension;
		};
/* End PBXContainerItemProxy section */

/* Begin PBXCopyFilesBuildPhase section */
		8D8250DC2F33A949004D4279 /* Embed Foundation Extensions */ = {
			isa = PBXCopyFilesBuildPhase;
			buildActionMask = 2147483647;
			dstPath = "";
			dstSubfolderSpec = 13;
			files = (
				8D8250D72F33A949004D4279 /* SpendMateWidgetExtension.appex in Embed Foundation Extensions */,
			);
			name = "Embed Foundation Extensions";
			runOnlyForDeploymentPostprocessing = 0;
		};
		8D82510A2F34A4B0004D4279 /* Embed ExtensionKit Extensions */ = {
			isa = PBXCopyFilesBuildPhase;
			buildActionMask = 2147483647;
			dstPath = "$(EXTENSIONS_FOLDER_PATH)";
			dstSubfolderSpec = 16;
			files = (
				8D8251052F34A4B0004D4279 /* SpendMateIntentsExtension.appex in Embed ExtensionKit Extensions */,
			);
			name = "Embed ExtensionKit Extensions";
			runOnlyForDeploymentPostprocessing = 0;
		};
/* End PBXCopyFilesBuildPhase section */

/* Begin PBXFileReference section */
		8D8250462F2EA03D004D4279 /* SpendMate.app */ = {isa = PBXFileReference; explicitFileType = wrapper.application; includeInIndex = 0; path = SpendMate.app; sourceTree = BUILT_PRODUCTS_DIR; };
		8D8250552F2EA03F004D4279 /* SpendMateTests.xctest */ = {isa = PBXFileReference; explicitFileType = wrapper.cfbundle; includeInIndex = 0; path = SpendMateTests.xctest; sourceTree = BUILT_PRODUCTS_DIR; };
		8D82505F2F2EA03F004D4279 /* SpendMateUITests.xctest */ = {isa = PBXFileReference; explicitFileType = wrapper.cfbundle; includeInIndex = 0; path = SpendMateUITests.xctest; sourceTree = BUILT_PRODUCTS_DIR; };
		8D8250C32F33A948004D4279 /* SpendMateWidgetExtension.appex */ = {isa = PBXFileReference; explicitFileType = "wrapper.app-extension"; includeInIndex = 0; path = SpendMateWidgetExtension.appex; sourceTree = BUILT_PRODUCTS_DIR; };
		8D8250C52F33A948004D4279 /* WidgetKit.framework */ = {isa = PBXFileReference; lastKnownFileType = wrapper.framework; name = WidgetKit.framework; path = System/Library/Frameworks/WidgetKit.framework; sourceTree = SDKROOT; };
		8D8250C72F33A948004D4279 /* SwiftUI.framework */ = {isa = PBXFileReference; lastKnownFileType = wrapper.framework; name = SwiftUI.framework; path = System/Library/Frameworks/SwiftUI.framework; sourceTree = SDKROOT; };
		8D8250DD2F33A983004D4279 /* SpendMateWidgetExtension.entitlements */ = {isa = PBXFileReference; lastKnownFileType = text.plist.entitlements; path = SpendMateWidgetExtension.entitlements; sourceTree = "<group>"; };
		8D8250FC2F34A4B0004D4279 /* SpendMateIntentsExtension.appex */ = {isa = PBXFileReference; explicitFileType = "wrapper.extensionkit-extension"; includeInIndex = 0; path = SpendMateIntentsExtension.appex; sourceTree = BUILT_PRODUCTS_DIR; };
/* End PBXFileReference section */

/* Begin PBXFileSystemSynchronizedBuildFileExceptionSet section */
		8D8250D82F33A949004D4279 /* Exceptions for "SpendMateWidget" folder in "SpendMateWidgetExtension" target */ = {
			isa = PBXFileSystemSynchronizedBuildFileExceptionSet;
			membershipExceptions = (
				Info.plist,
			);
			target = 8D8250C22F33A948004D4279 /* SpendMateWidgetExtension */;
		};
		8D8250E22F33B33F004D4279 /* Exceptions for "SpendMate" folder in "SpendMateWidgetExtension" target */ = {
			isa = PBXFileSystemSynchronizedBuildFileExceptionSet;
			membershipExceptions = (
				Models/Expense.swift,
				Models/ExpenseCategory.swift,
				Models/IncomeCategory.swift,
				Models/TransactionType.swift,
				Shared/Currency.swift,
				Shared/WidgetData.swift,
				Shared/WidgetDataService.swift,
				SpendMateWidget/LargeWidgetView.swift,
				SpendMateWidget/MediumWidgetView.swift,
				SpendMateWidget/SmallWidgetView.swift,
				SpendMateWidget/SpendMateTimelineProvider.swift,
				SpendMateWidget/SpendMateWidget.swift,
				Utils/DateRanges.swift,
				Utils/Localization.swift,
			);
			target = 8D8250C22F33A948004D4279 /* SpendMateWidgetExtension */;
		};
		8D8250E42F33CED9004D4279 /* Exceptions for "SpendMate" folder in "SpendMate" target */ = {
			isa = PBXFileSystemSynchronizedBuildFileExceptionSet;
			membershipExceptions = (
				SpendMateWidget/LargeWidgetView.swift,
				SpendMateWidget/MediumWidgetView.swift,
				SpendMateWidget/SmallWidgetView.swift,
				SpendMateWidget/SpendMateTimelineProvider.swift,
				SpendMateWidget/SpendMateWidget.swift,
			);
			target = 8D8250452F2EA03D004D4279 /* SpendMate */;
		};
		8D8251092F34A4B0004D4279 /* Exceptions for "SpendMateIntentsExtension" folder in "SpendMateIntentsExtension" target */ = {
			isa = PBXFileSystemSynchronizedBuildFileExceptionSet;
			membershipExceptions = (
				Info.plist,
			);
			target = 8D8250FB2F34A4B0004D4279 /* SpendMateIntentsExtension */;
		};
		8D82510C2F34A4F5004D4279 /* Exceptions for "SpendMate" folder in "SpendMateIntentsExtension" target */ = {
			isa = PBXFileSystemSynchronizedBuildFileExceptionSet;
			membershipExceptions = (
				SpendMateIntents.intentdefinition,
			);
			target = 8D8250FB2F34A4B0004D4279 /* SpendMateIntentsExtension */;
		};
/* End PBXFileSystemSynchronizedBuildFileExceptionSet section */

/* Begin PBXFileSystemSynchronizedRootGroup section */
		8D8250482F2EA03D004D4279 /* SpendMate */ = {
			isa = PBXFileSystemSynchronizedRootGroup;
			exceptions = (
				8D8250E42F33CED9004D4279 /* Exceptions for "SpendMate" folder in "SpendMate" target */,
				8D8250E22F33B33F004D4279 /* Exceptions for "SpendMate" folder in "SpendMateWidgetExtension" target */,
				8D82510C2F34A4F5004D4279 /* Exceptions for "SpendMate" folder in "SpendMateIntentsExtension" target */,
			);
			path = SpendMate;
			sourceTree = "<group>";
		};
		8D8250582F2EA03F004D4279 /* SpendMateTests */ = {
			isa = PBXFileSystemSynchronizedRootGroup;
			path = SpendMateTests;
			sourceTree = "<group>";
		};
		8D8250622F2EA03F004D4279 /* SpendMateUITests */ = {
			isa = PBXFileSystemSynchronizedRootGroup;
			path = SpendMateUITests;
			sourceTree = "<group>";
		};
		8D8250C92F33A948004D4279 /* SpendMateWidget */ = {
			isa = PBXFileSystemSynchronizedRootGroup;
			exceptions = (
				8D8250D82F33A949004D4279 /* Exceptions for "SpendMateWidget" folder in "SpendMateWidgetExtension" target */,
			);
			path = SpendMateWidget;
			sourceTree = "<group>";
		};
		8D8250FD2F34A4B0004D4279 /* SpendMateIntentsExtension */ = {
			isa = PBXFileSystemSynchronizedRootGroup;
			exceptions = (
				8D8251092F34A4B0004D4279 /* Exceptions for "SpendMateIntentsExtension" folder in "SpendMateIntentsExtension" target */,
			);
			path = SpendMateIntentsExtension;
			sourceTree = "<group>";
		};
/* End PBXFileSystemSynchronizedRootGroup section */

/* Begin PBXFrameworksBuildPhase section */
		8D8250432F2EA03D004D4279 /* Frameworks */ = {
			isa = PBXFrameworksBuildPhase;
			buildActionMask = 2147483647;
			files = (
			);
			runOnlyForDeploymentPostprocessing = 0;
		};
		8D8250522F2EA03F004D4279 /* Frameworks */ = {
			isa = PBXFrameworksBuildPhase;
			buildActionMask = 2147483647;
			files = (
			);
			runOnlyForDeploymentPostprocessing = 0;
		};
		8D82505C2F2EA03F004D4279 /* Frameworks */ = {
			isa = PBXFrameworksBuildPhase;
			buildActionMask = 2147483647;
			files = (
			);
			runOnlyForDeploymentPostprocessing = 0;
		};
		8D8250C02F33A948004D4279 /* Frameworks */ = {
			isa = PBXFrameworksBuildPhase;
			buildActionMask = 2147483647;
			files = (
				8D8250C82F33A948004D4279 /* SwiftUI.framework in Frameworks */,
				8D8250C62F33A948004D4279 /* WidgetKit.framework in Frameworks */,
			);
			runOnlyForDeploymentPostprocessing = 0;
		};
		8D8250F92F34A4B0004D4279 /* Frameworks */ = {
			isa = PBXFrameworksBuildPhase;
			buildActionMask = 2147483647;
			files = (
			);
			runOnlyForDeploymentPostprocessing = 0;
		};
/* End PBXFrameworksBuildPhase section */

/* Begin PBXGroup section */
		8D82503D2F2EA03D004D4279 = {
			isa = PBXGroup;
			children = (
				8D8250DD2F33A983004D4279 /* SpendMateWidgetExtension.entitlements */,
				8D8250482F2EA03D004D4279 /* SpendMate */,
				8D8250582F2EA03F004D4279 /* SpendMateTests */,
				8D8250622F2EA03F004D4279 /* SpendMateUITests */,
				8D8250C92F33A948004D4279 /* SpendMateWidget */,
				8D8250FD2F34A4B0004D4279 /* SpendMateIntentsExtension */,
				8D8250C42F33A948004D4279 /* Frameworks */,
				8D8250472F2EA03D004D4279 /* Products */,
			);
			sourceTree = "<group>";
		};
		8D8250472F2EA03D004D4279 /* Products */ = {
			isa = PBXGroup;
			children = (
				8D8250462F2EA03D004D4279 /* SpendMate.app */,
				8D8250552F2EA03F004D4279 /* SpendMateTests.xctest */,
				8D82505F2F2EA03F004D4279 /* SpendMateUITests.xctest */,
				8D8250C32F33A948004D4279 /* SpendMateWidgetExtension.appex */,
				8D8250FC2F34A4B0004D4279 /* SpendMateIntentsExtension.appex */,
			);
			name = Products;
			sourceTree = "<group>";
		};
		8D8250C42F33A948004D4279 /* Frameworks */ = {
			isa = PBXGroup;
			children = (
				8D8250C52F33A948004D4279 /* WidgetKit.framework */,
				8D8250C72F33A948004D4279 /* SwiftUI.framework */,
			);
			name = Frameworks;
			sourceTree = "<group>";
		};
/* End PBXGroup section */

/* Begin PBXNativeTarget section */
		8D8250452F2EA03D004D4279 /* SpendMate */ = {
			isa = PBXNativeTarget;
			buildConfigurationList = 8D8250692F2EA03F004D4279 /* Build configuration list for PBXNativeTarget "SpendMate" */;
			buildPhases = (
				8D8250422F2EA03D004D4279 /* Sources */,
				8D8250432F2EA03D004D4279 /* Frameworks */,
				8D8250442F2EA03D004D4279 /* Resources */,
				8D8250DC2F33A949004D4279 /* Embed Foundation Extensions */,
				8D82510A2F34A4B0004D4279 /* Embed ExtensionKit Extensions */,
			);
			buildRules = (
			);
			dependencies = (
				8D8250D62F33A949004D4279 /* PBXTargetDependency */,
				8D8251042F34A4B0004D4279 /* PBXTargetDependency */,
			);
			fileSystemSynchronizedGroups = (
				8D8250482F2EA03D004D4279 /* SpendMate */,
			);
			name = SpendMate;
			packageProductDependencies = (
			);
			productName = SpendMate;
			productReference = 8D8250462F2EA03D004D4279 /* SpendMate.app */;
			productType = "com.apple.product-type.application";
		};
		8D8250542F2EA03F004D4279 /* SpendMateTests */ = {
			isa = PBXNativeTarget;
			buildConfigurationList = 8D82506C2F2EA03F004D4279 /* Build configuration list for PBXNativeTarget "SpendMateTests" */;
			buildPhases = (
				8D8250512F2EA03F004D4279 /* Sources */,
				8D8250522F2EA03F004D4279 /* Frameworks */,
				8D8250532F2EA03F004D4279 /* Resources */,
			);
			buildRules = (
			);
			dependencies = (
				8D8250572F2EA03F004D4279 /* PBXTargetDependency */,
			);
			fileSystemSynchronizedGroups = (
				8D8250582F2EA03F004D4279 /* SpendMateTests */,
			);
			name = SpendMateTests;
			packageProductDependencies = (
			);
			productName = SpendMateTests;
			productReference = 8D8250552F2EA03F004D4279 /* SpendMateTests.xctest */;
			productType = "com.apple.product-type.bundle.unit-test";
		};
		8D82505E2F2EA03F004D4279 /* SpendMateUITests */ = {
			isa = PBXNativeTarget;
			buildConfigurationList = 8D82506F2F2EA03F004D4279 /* Build configuration list for PBXNativeTarget "SpendMateUITests" */;
			buildPhases = (
				8D82505B2F2EA03F004D4279 /* Sources */,
				8D82505C2F2EA03F004D4279 /* Frameworks */,
				8D82505D2F2EA03F004D4279 /* Resources */,
			);
			buildRules = (
			);
			dependencies = (
				8D8250612F2EA03F004D4279 /* PBXTargetDependency */,
			);
			fileSystemSynchronizedGroups = (
				8D8250622F2EA03F004D4279 /* SpendMateUITests */,
			);
			name = SpendMateUITests;
			packageProductDependencies = (
			);
			productName = SpendMateUITests;
			productReference = 8D82505F2F2EA03F004D4279 /* SpendMateUITests.xctest */;
			productType = "com.apple.product-type.bundle.ui-testing";
		};
		8D8250C22F33A948004D4279 /* SpendMateWidgetExtension */ = {
			isa = PBXNativeTarget;
			buildConfigurationList = 8D8250D92F33A949004D4279 /* Build configuration list for PBXNativeTarget "SpendMateWidgetExtension" */;
			buildPhases = (
				8D8250BF2F33A948004D4279 /* Sources */,
				8D8250C02F33A948004D4279 /* Frameworks */,
				8D8250C12F33A948004D4279 /* Resources */,
			);
			buildRules = (
			);
			dependencies = (
			);
			fileSystemSynchronizedGroups = (
				8D8250C92F33A948004D4279 /* SpendMateWidget */,
			);
			name = SpendMateWidgetExtension;
			packageProductDependencies = (
			);
			productName = SpendMateWidgetExtension;
			productReference = 8D8250C32F33A948004D4279 /* SpendMateWidgetExtension.appex */;
			productType = "com.apple.product-type.app-extension";
		};
		8D8250FB2F34A4B0004D4279 /* SpendMateIntentsExtension */ = {
			isa = PBXNativeTarget;
			buildConfigurationList = 8D8251062F34A4B0004D4279 /* Build configuration list for PBXNativeTarget "SpendMateIntentsExtension" */;
			buildPhases = (
				8D8250F82F34A4B0004D4279 /* Sources */,
				8D8250F92F34A4B0004D4279 /* Frameworks */,
				8D8250FA2F34A4B0004D4279 /* Resources */,
			);
			buildRules = (
			);
			dependencies = (
			);
			fileSystemSynchronizedGroups = (
				8D8250FD2F34A4B0004D4279 /* SpendMateIntentsExtension */,
			);
			name = SpendMateIntentsExtension;
			packageProductDependencies = (
			);
			productName = SpendMateIntentsExtension;
			productReference = 8D8250FC2F34A4B0004D4279 /* SpendMateIntentsExtension.appex */;
			productType = "com.apple.product-type.extensionkit-extension";
		};
/* End PBXNativeTarget section */

/* Begin PBXProject section */
		8D82503E2F2EA03D004D4279 /* Project object */ = {
			isa = PBXProject;
			attributes = {
				BuildIndependentTargetsInParallel = 1;
				LastSwiftUpdateCheck = 2620;
				LastUpgradeCheck = 2620;
				TargetAttributes = {
					8D8250452F2EA03D004D4279 = {
						CreatedOnToolsVersion = 26.2;
					};
					8D8250542F2EA03F004D4279 = {
						CreatedOnToolsVersion = 26.2;
						TestTargetID = 8D8250452F2EA03D004D4279;
					};
					8D82505E2F2EA03F004D4279 = {
						CreatedOnToolsVersion = 26.2;
						TestTargetID = 8D8250452F2EA03D004D4279;
					};
					8D8250C22F33A948004D4279 = {
						CreatedOnToolsVersion = 26.2;
					};
					8D8250FB2F34A4B0004D4279 = {
						CreatedOnToolsVersion = 26.2;
					};
				};
			};
			buildConfigurationList = 8D8250412F2EA03D004D4279 /* Build configuration list for PBXProject "SpendMate" */;
			developmentRegion = en;
			hasScannedForEncodings = 0;
			knownRegions = (
				en,
				Base,
			);
			mainGroup = 8D82503D2F2EA03D004D4279;
			minimizedProjectReferenceProxies = 1;
			preferredProjectObjectVersion = 77;
			productRefGroup = 8D8250472F2EA03D004D4279 /* Products */;
			projectDirPath = "";
			projectRoot = "";
			targets = (
				8D8250452F2EA03D004D4279 /* SpendMate */,
				8D8250542F2EA03F004D4279 /* SpendMateTests */,
				8D82505E2F2EA03F004D4279 /* SpendMateUITests */,
				8D8250C22F33A948004D4279 /* SpendMateWidgetExtension */,
				8D8250FB2F34A4B0004D4279 /* SpendMateIntentsExtension */,
			);
		};
/* End PBXProject section */

/* Begin PBXResourcesBuildPhase section */
		8D8250442F2EA03D004D4279 /* Resources */ = {
			isa = PBXResourcesBuildPhase;
			buildActionMask = 2147483647;
			files = (
			);
			runOnlyForDeploymentPostprocessing = 0;
		};
		8D8250532F2EA03F004D4279 /* Resources */ = {
			isa = PBXResourcesBuildPhase;
			buildActionMask = 2147483647;
			files = (
			);
			runOnlyForDeploymentPostprocessing = 0;
		};
		8D82505D2F2EA03F004D4279 /* Resources */ = {
			isa = PBXResourcesBuildPhase;
			buildActionMask = 2147483647;
			files = (
			);
			runOnlyForDeploymentPostprocessing = 0;
		};
		8D8250C12F33A948004D4279 /* Resources */ = {
			isa = PBXResourcesBuildPhase;
			buildActionMask = 2147483647;
			files = (
			);
			runOnlyForDeploymentPostprocessing = 0;
		};
		8D8250FA2F34A4B0004D4279 /* Resources */ = {
			isa = PBXResourcesBuildPhase;
			buildActionMask = 2147483647;
			files = (
			);
			runOnlyForDeploymentPostprocessing = 0;
		};
/* End PBXResourcesBuildPhase section */

/* Begin PBXSourcesBuildPhase section */
		8D8250422F2EA03D004D4279 /* Sources */ = {
			isa = PBXSourcesBuildPhase;
			buildActionMask = 2147483647;
			files = (
			);
			runOnlyForDeploymentPostprocessing = 0;
		};
		8D8250512F2EA03F004D4279 /* Sources */ = {
			isa = PBXSourcesBuildPhase;
			buildActionMask = 2147483647;
			files = (
			);
			runOnlyForDeploymentPostprocessing = 0;
		};
		8D82505B2F2EA03F004D4279 /* Sources */ = {
			isa = PBXSourcesBuildPhase;
			buildActionMask = 2147483647;
			files = (
			);
			runOnlyForDeploymentPostprocessing = 0;
		};
		8D8250BF2F33A948004D4279 /* Sources */ = {
			isa = PBXSourcesBuildPhase;
			buildActionMask = 2147483647;
			files = (
			);
			runOnlyForDeploymentPostprocessing = 0;
		};
		8D8250F82F34A4B0004D4279 /* Sources */ = {
			isa = PBXSourcesBuildPhase;
			buildActionMask = 2147483647;
			files = (
			);
			runOnlyForDeploymentPostprocessing = 0;
		};
/* End PBXSourcesBuildPhase section */

/* Begin PBXTargetDependency section */
		8D8250572F2EA03F004D4279 /* PBXTargetDependency */ = {
			isa = PBXTargetDependency;
			target = 8D8250452F2EA03D004D4279 /* SpendMate */;
			targetProxy = 8D8250562F2EA03F004D4279 /* PBXContainerItemProxy */;
		};
		8D8250612F2EA03F004D4279 /* PBXTargetDependency */ = {
			isa = PBXTargetDependency;
			target = 8D8250452F2EA03D004D4279 /* SpendMate */;
			targetProxy = 8D8250602F2EA03F004D4279 /* PBXContainerItemProxy */;
		};
		8D8250D62F33A949004D4279 /* PBXTargetDependency */ = {
			isa = PBXTargetDependency;
			target = 8D8250C22F33A948004D4279 /* SpendMateWidgetExtension */;
			targetProxy = 8D8250D52F33A949004D4279 /* PBXContainerItemProxy */;
		};
		8D8251042F34A4B0004D4279 /* PBXTargetDependency */ = {
			isa = PBXTargetDependency;
			target = 8D8250FB2F34A4B0004D4279 /* SpendMateIntentsExtension */;
			targetProxy = 8D8251032F34A4B0004D4279 /* PBXContainerItemProxy */;
		};
/* End PBXTargetDependency section */

/* Begin XCBuildConfiguration section */
		8D8250672F2EA03F004D4279 /* Debug */ = {
			isa = XCBuildConfiguration;
			buildSettings = {
				ALWAYS_SEARCH_USER_PATHS = NO;
				ASSETCATALOG_COMPILER_GENERATE_SWIFT_ASSET_SYMBOL_EXTENSIONS = YES;
				CLANG_ANALYZER_NONNULL = YES;
				CLANG_ANALYZER_NUMBER_OBJECT_CONVERSION = YES_AGGRESSIVE;
				CLANG_CXX_LANGUAGE_STANDARD = "gnu++20";
				CLANG_ENABLE_MODULES = YES;
				CLANG_ENABLE_OBJC_ARC = YES;
				CLANG_ENABLE_OBJC_WEAK = YES;
				CLANG_WARN_BLOCK_CAPTURE_AUTORELEASING = YES;
				CLANG_WARN_BOOL_CONVERSION = YES;
				CLANG_WARN_COMMA = YES;
				CLANG_WARN_CONSTANT_CONVERSION = YES;
				CLANG_WARN_DEPRECATED_OBJC_IMPLEMENTATIONS = YES;
				CLANG_WARN_DIRECT_OBJC_ISA_USAGE = YES_ERROR;
				CLANG_WARN_DOCUMENTATION_COMMENTS = YES;
				CLANG_WARN_EMPTY_BODY = YES;
				CLANG_WARN_ENUM_CONVERSION = YES;
				CLANG_WARN_INFINITE_RECURSION = YES;
				CLANG_WARN_INT_CONVERSION = YES;
				CLANG_WARN_NON_LITERAL_NULL_CONVERSION = YES;
				CLANG_WARN_OBJC_IMPLICIT_RETAIN_SELF = YES;
				CLANG_WARN_OBJC_LITERAL_CONVERSION = YES;
				CLANG_WARN_OBJC_ROOT_CLASS = YES_ERROR;
				CLANG_WARN_QUOTED_INCLUDE_IN_FRAMEWORK_HEADER = YES;
				CLANG_WARN_RANGE_LOOP_ANALYSIS = YES;
				CLANG_WARN_STRICT_PROTOTYPES = YES;
				CLANG_WARN_SUSPICIOUS_MOVE = YES;
				CLANG_WARN_UNGUARDED_AVAILABILITY = YES_AGGRESSIVE;
				CLANG_WARN_UNREACHABLE_CODE = YES;
				CLANG_WARN__DUPLICATE_METHOD_MATCH = YES;
				COPY_PHASE_STRIP = NO;
				DEBUG_INFORMATION_FORMAT = dwarf;
				ENABLE_STRICT_OBJC_MSGSEND = YES;
				ENABLE_TESTABILITY = YES;
				ENABLE_USER_SCRIPT_SANDBOXING = YES;
				GCC_C_LANGUAGE_STANDARD = gnu17;
				GCC_DYNAMIC_NO_PIC = NO;
				GCC_NO_COMMON_BLOCKS = YES;
				GCC_OPTIMIZATION_LEVEL = 0;
				GCC_PREPROCESSOR_DEFINITIONS = (
					"DEBUG=1",
					"$(inherited)",
				);
				GCC_WARN_64_TO_32_BIT_CONVERSION = YES;
				GCC_WARN_ABOUT_RETURN_TYPE = YES_ERROR;
				GCC_WARN_UNDECLARED_SELECTOR = YES;
				GCC_WARN_UNINITIALIZED_AUTOS = YES_AGGRESSIVE;
				GCC_WARN_UNUSED_FUNCTION = YES;
				GCC_WARN_UNUSED_VARIABLE = YES;
				IPHONEOS_DEPLOYMENT_TARGET = 26.2;
				LOCALIZATION_PREFERS_STRING_CATALOGS = YES;
				MTL_ENABLE_DEBUG_INFO = INCLUDE_SOURCE;
				MTL_FAST_MATH = YES;
				ONLY_ACTIVE_ARCH = YES;
				SDKROOT = iphoneos;
				SWIFT_ACTIVE_COMPILATION_CONDITIONS = "DEBUG $(inherited)";
				SWIFT_OPTIMIZATION_LEVEL = "-Onone";
			};
			name = Debug;
		};
		8D8250682F2EA03F004D4279 /* Release */ = {
			isa = XCBuildConfiguration;
			buildSettings = {
				ALWAYS_SEARCH_USER_PATHS = NO;
				ASSETCATALOG_COMPILER_GENERATE_SWIFT_ASSET_SYMBOL_EXTENSIONS = YES;
				CLANG_ANALYZER_NONNULL = YES;
				CLANG_ANALYZER_NUMBER_OBJECT_CONVERSION = YES_AGGRESSIVE;
				CLANG_CXX_LANGUAGE_STANDARD = "gnu++20";
				CLANG_ENABLE_MODULES = YES;
				CLANG_ENABLE_OBJC_ARC = YES;
				CLANG_ENABLE_OBJC_WEAK = YES;
				CLANG_WARN_BLOCK_CAPTURE_AUTORELEASING = YES;
				CLANG_WARN_BOOL_CONVERSION = YES;
				CLANG_WARN_COMMA = YES;
				CLANG_WARN_CONSTANT_CONVERSION = YES;
				CLANG_WARN_DEPRECATED_OBJC_IMPLEMENTATIONS = YES;
				CLANG_WARN_DIRECT_OBJC_ISA_USAGE = YES_ERROR;
				CLANG_WARN_DOCUMENTATION_COMMENTS = YES;
				CLANG_WARN_EMPTY_BODY = YES;
				CLANG_WARN_ENUM_CONVERSION = YES;
				CLANG_WARN_INFINITE_RECURSION = YES;
				CLANG_WARN_INT_CONVERSION = YES;
				CLANG_WARN_NON_LITERAL_NULL_CONVERSION = YES;
				CLANG_WARN_OBJC_IMPLICIT_RETAIN_SELF = YES;
				CLANG_WARN_OBJC_LITERAL_CONVERSION = YES;
				CLANG_WARN_OBJC_ROOT_CLASS = YES_ERROR;
				CLANG_WARN_QUOTED_INCLUDE_IN_FRAMEWORK_HEADER = YES;
				CLANG_WARN_RANGE_LOOP_ANALYSIS = YES;
				CLANG_WARN_STRICT_PROTOTYPES = YES;
				CLANG_WARN_SUSPICIOUS_MOVE = YES;
				CLANG_WARN_UNGUARDED_AVAILABILITY = YES_AGGRESSIVE;
				CLANG_WARN_UNREACHABLE_CODE = YES;
				CLANG_WARN__DUPLICATE_METHOD_MATCH = YES;
				COPY_PHASE_STRIP = NO;
				DEBUG_INFORMATION_FORMAT = "dwarf-with-dsym";
				ENABLE_NS_ASSERTIONS = NO;
				ENABLE_STRICT_OBJC_MSGSEND = YES;
				ENABLE_USER_SCRIPT_SANDBOXING = YES;
				GCC_C_LANGUAGE_STANDARD = gnu17;
				GCC_NO_COMMON_BLOCKS = YES;
				GCC_WARN_64_TO_32_BIT_CONVERSION = YES;
				GCC_WARN_ABOUT_RETURN_TYPE = YES_ERROR;
				GCC_WARN_UNDECLARED_SELECTOR = YES;
				GCC_WARN_UNINITIALIZED_AUTOS = YES_AGGRESSIVE;
				GCC_WARN_UNUSED_FUNCTION = YES;
				GCC_WARN_UNUSED_VARIABLE = YES;
				IPHONEOS_DEPLOYMENT_TARGET = 26.2;
				LOCALIZATION_PREFERS_STRING_CATALOGS = YES;
				MTL_ENABLE_DEBUG_INFO = NO;
				MTL_FAST_MATH = YES;
				SDKROOT = iphoneos;
				SWIFT_COMPILATION_MODE = wholemodule;
				VALIDATE_PRODUCT = YES;
			};
			name = Release;
		};
		8D82506A2F2EA03F004D4279 /* Debug */ = {
			isa = XCBuildConfiguration;
			buildSettings = {
				ASSETCATALOG_COMPILER_APPICON_NAME = AppIcon;
				ASSETCATALOG_COMPILER_GLOBAL_ACCENT_COLOR_NAME = AccentColor;
				CODE_SIGN_ENTITLEMENTS = SpendMate/SpendMate.entitlements;
				CODE_SIGN_STYLE = Automatic;
				CURRENT_PROJECT_VERSION = 1;
				DEVELOPMENT_TEAM = C4NB74B5PN;
				ENABLE_PREVIEWS = YES;
				GENERATE_INFOPLIST_FILE = YES;
				INFOPLIST_KEY_LSApplicationCategoryType = "public.app-category.finance";
				INFOPLIST_KEY_UIApplicationSceneManifest_Generation = YES;
				INFOPLIST_KEY_UIApplicationSupportsIndirectInputEvents = YES;
				INFOPLIST_KEY_UILaunchScreen_Generation = YES;
				INFOPLIST_KEY_UISupportedInterfaceOrientations_iPad = "UIInterfaceOrientationPortrait UIInterfaceOrientationPortraitUpsideDown UIInterfaceOrientationLandscapeLeft UIInterfaceOrientationLandscapeRight";
				INFOPLIST_KEY_UISupportedInterfaceOrientations_iPhone = "UIInterfaceOrientationPortrait UIInterfaceOrientationLandscapeLeft UIInterfaceOrientationLandscapeRight";
				LD_RUNPATH_SEARCH_PATHS = (
					"$(inherited)",
					"@executable_path/Frameworks",
				);
				MARKETING_VERSION = 1.0;
				PRODUCT_BUNDLE_IDENTIFIER = com.berkaydereci.SpendMate;
				PRODUCT_NAME = "$(TARGET_NAME)";
				STRING_CATALOG_GENERATE_SYMBOLS = YES;
				SWIFT_APPROACHABLE_CONCURRENCY = YES;
				SWIFT_DEFAULT_ACTOR_ISOLATION = MainActor;
				SWIFT_EMIT_LOC_STRINGS = YES;
				SWIFT_UPCOMING_FEATURE_MEMBER_IMPORT_VISIBILITY = YES;
				SWIFT_VERSION = 5.0;
				TARGETED_DEVICE_FAMILY = "1,2";
			};
			name = Debug;
		};
		8D82506B2F2EA03F004D4279 /* Release */ = {
			isa = XCBuildConfiguration;
			buildSettings = {
				ASSETCATALOG_COMPILER_APPICON_NAME = AppIcon;
				ASSETCATALOG_COMPILER_GLOBAL_ACCENT_COLOR_NAME = AccentColor;
				CODE_SIGN_ENTITLEMENTS = SpendMate/SpendMate.entitlements;
				CODE_SIGN_STYLE = Automatic;
				CURRENT_PROJECT_VERSION = 1;
				DEVELOPMENT_TEAM = C4NB74B5PN;
				ENABLE_PREVIEWS = YES;
				GENERATE_INFOPLIST_FILE = YES;
				INFOPLIST_KEY_LSApplicationCategoryType = "public.app-category.finance";
				INFOPLIST_KEY_UIApplicationSceneManifest_Generation = YES;
				INFOPLIST_KEY_UIApplicationSupportsIndirectInputEvents = YES;
				INFOPLIST_KEY_UILaunchScreen_Generation = YES;
				INFOPLIST_KEY_UISupportedInterfaceOrientations_iPad = "UIInterfaceOrientationPortrait UIInterfaceOrientationPortraitUpsideDown UIInterfaceOrientationLandscapeLeft UIInterfaceOrientationLandscapeRight";
				INFOPLIST_KEY_UISupportedInterfaceOrientations_iPhone = "UIInterfaceOrientationPortrait UIInterfaceOrientationLandscapeLeft UIInterfaceOrientationLandscapeRight";
				LD_RUNPATH_SEARCH_PATHS = (
					"$(inherited)",
					"@executable_path/Frameworks",
				);
				MARKETING_VERSION = 1.0;
				PRODUCT_BUNDLE_IDENTIFIER = com.berkaydereci.SpendMate;
				PRODUCT_NAME = "$(TARGET_NAME)";
				STRING_CATALOG_GENERATE_SYMBOLS = YES;
				SWIFT_APPROACHABLE_CONCURRENCY = YES;
				SWIFT_DEFAULT_ACTOR_ISOLATION = MainActor;
				SWIFT_EMIT_LOC_STRINGS = YES;
				SWIFT_UPCOMING_FEATURE_MEMBER_IMPORT_VISIBILITY = YES;
				SWIFT_VERSION = 5.0;
				TARGETED_DEVICE_FAMILY = "1,2";
			};
			name = Release;
		};
		8D82506D2F2EA03F004D4279 /* Debug */ = {
			isa = XCBuildConfiguration;
			buildSettings = {
				BUNDLE_LOADER = "$(TEST_HOST)";
				CODE_SIGN_STYLE = Automatic;
				CURRENT_PROJECT_VERSION = 1;
				GENERATE_INFOPLIST_FILE = YES;
				IPHONEOS_DEPLOYMENT_TARGET = 26.2;
				MARKETING_VERSION = 1.0;
				PRODUCT_BUNDLE_IDENTIFIER = com.berkaydereci.SpendMateTests;
				PRODUCT_NAME = "$(TARGET_NAME)";
				STRING_CATALOG_GENERATE_SYMBOLS = NO;
				SWIFT_APPROACHABLE_CONCURRENCY = YES;
				SWIFT_EMIT_LOC_STRINGS = NO;
				SWIFT_UPCOMING_FEATURE_MEMBER_IMPORT_VISIBILITY = YES;
				SWIFT_VERSION = 5.0;
				TARGETED_DEVICE_FAMILY = "1,2";
				TEST_HOST = "$(BUILT_PRODUCTS_DIR)/SpendMate.app/$(BUNDLE_EXECUTABLE_FOLDER_PATH)/SpendMate";
			};
			name = Debug;
		};
		8D82506E2F2EA03F004D4279 /* Release */ = {
			isa = XCBuildConfiguration;
			buildSettings = {
				BUNDLE_LOADER = "$(TEST_HOST)";
				CODE_SIGN_STYLE = Automatic;
				CURRENT_PROJECT_VERSION = 1;
				GENERATE_INFOPLIST_FILE = YES;
				IPHONEOS_DEPLOYMENT_TARGET = 26.2;
				MARKETING_VERSION = 1.0;
				PRODUCT_BUNDLE_IDENTIFIER = com.berkaydereci.SpendMateTests;
				PRODUCT_NAME = "$(TARGET_NAME)";
				STRING_CATALOG_GENERATE_SYMBOLS = NO;
				SWIFT_APPROACHABLE_CONCURRENCY = YES;
				SWIFT_EMIT_LOC_STRINGS = NO;
				SWIFT_UPCOMING_FEATURE_MEMBER_IMPORT_VISIBILITY = YES;
				SWIFT_VERSION = 5.0;
				TARGETED_DEVICE_FAMILY = "1,2";
				TEST_HOST = "$(BUILT_PRODUCTS_DIR)/SpendMate.app/$(BUNDLE_EXECUTABLE_FOLDER_PATH)/SpendMate";
			};
			name = Release;
		};
		8D8250702F2EA03F004D4279 /* Debug */ = {
			isa = XCBuildConfiguration;
			buildSettings = {
				CODE_SIGN_STYLE = Automatic;
				CURRENT_PROJECT_VERSION = 1;
				GENERATE_INFOPLIST_FILE = YES;
				MARKETING_VERSION = 1.0;
				PRODUCT_BUNDLE_IDENTIFIER = com.berkaydereci.SpendMateUITests;
				PRODUCT_NAME = "$(TARGET_NAME)";
				STRING_CATALOG_GENERATE_SYMBOLS = NO;
				SWIFT_APPROACHABLE_CONCURRENCY = YES;
				SWIFT_EMIT_LOC_STRINGS = NO;
				SWIFT_UPCOMING_FEATURE_MEMBER_IMPORT_VISIBILITY = YES;
				SWIFT_VERSION = 5.0;
				TARGETED_DEVICE_FAMILY = "1,2";
				TEST_TARGET_NAME = SpendMate;
			};
			name = Debug;
		};
		8D8250712F2EA03F004D4279 /* Release */ = {
			isa = XCBuildConfiguration;
			buildSettings = {
				CODE_SIGN_STYLE = Automatic;
				CURRENT_PROJECT_VERSION = 1;
				GENERATE_INFOPLIST_FILE = YES;
				MARKETING_VERSION = 1.0;
				PRODUCT_BUNDLE_IDENTIFIER = com.berkaydereci.SpendMateUITests;
				PRODUCT_NAME = "$(TARGET_NAME)";
				STRING_CATALOG_GENERATE_SYMBOLS = NO;
				SWIFT_APPROACHABLE_CONCURRENCY = YES;
				SWIFT_EMIT_LOC_STRINGS = NO;
				SWIFT_UPCOMING_FEATURE_MEMBER_IMPORT_VISIBILITY = YES;
				SWIFT_VERSION = 5.0;
				TARGETED_DEVICE_FAMILY = "1,2";
				TEST_TARGET_NAME = SpendMate;
			};
			name = Release;
		};
		8D8250DA2F33A949004D4279 /* Debug */ = {
			isa = XCBuildConfiguration;
			buildSettings = {
				ASSETCATALOG_COMPILER_GLOBAL_ACCENT_COLOR_NAME = AccentColor;
				ASSETCATALOG_COMPILER_WIDGET_BACKGROUND_COLOR_NAME = WidgetBackground;
				CODE_SIGN_ENTITLEMENTS = SpendMateWidgetExtension.entitlements;
				CODE_SIGN_STYLE = Automatic;
				CURRENT_PROJECT_VERSION = 1;
				DEVELOPMENT_TEAM = C4NB74B5PN;
				GENERATE_INFOPLIST_FILE = YES;
				INFOPLIST_FILE = SpendMateWidget/Info.plist;
				INFOPLIST_KEY_CFBundleDisplayName = SpendMateWidget;
				INFOPLIST_KEY_NSHumanReadableCopyright = "";
				LD_RUNPATH_SEARCH_PATHS = (
					"$(inherited)",
					"@executable_path/Frameworks",
					"@executable_path/../../Frameworks",
				);
				MARKETING_VERSION = 1.0;
				PRODUCT_BUNDLE_IDENTIFIER = com.berkaydereci.SpendMate.SpendMateWidget;
				PRODUCT_NAME = "$(TARGET_NAME)";
				SKIP_INSTALL = YES;
				STRING_CATALOG_GENERATE_SYMBOLS = YES;
				SWIFT_APPROACHABLE_CONCURRENCY = YES;
				SWIFT_EMIT_LOC_STRINGS = YES;
				SWIFT_UPCOMING_FEATURE_MEMBER_IMPORT_VISIBILITY = YES;
				SWIFT_VERSION = 5.0;
				TARGETED_DEVICE_FAMILY = "1,2";
			};
			name = Debug;
		};
		8D8250DB2F33A949004D4279 /* Release */ = {
			isa = XCBuildConfiguration;
			buildSettings = {
				ASSETCATALOG_COMPILER_GLOBAL_ACCENT_COLOR_NAME = AccentColor;
				ASSETCATALOG_COMPILER_WIDGET_BACKGROUND_COLOR_NAME = WidgetBackground;
				CODE_SIGN_ENTITLEMENTS = SpendMateWidgetExtension.entitlements;
				CODE_SIGN_STYLE = Automatic;
				CURRENT_PROJECT_VERSION = 1;
				DEVELOPMENT_TEAM = C4NB74B5PN;
				GENERATE_INFOPLIST_FILE = YES;
				INFOPLIST_FILE = SpendMateWidget/Info.plist;
				INFOPLIST_KEY_CFBundleDisplayName = SpendMateWidget;
				INFOPLIST_KEY_NSHumanReadableCopyright = "";
				LD_RUNPATH_SEARCH_PATHS = (
					"$(inherited)",
					"@executable_path/Frameworks",
					"@executable_path/../../Frameworks",
				);
				MARKETING_VERSION = 1.0;
				PRODUCT_BUNDLE_IDENTIFIER = com.berkaydereci.SpendMate.SpendMateWidget;
				PRODUCT_NAME = "$(TARGET_NAME)";
				SKIP_INSTALL = YES;
				STRING_CATALOG_GENERATE_SYMBOLS = YES;
				SWIFT_APPROACHABLE_CONCURRENCY = YES;
				SWIFT_EMIT_LOC_STRINGS = YES;
				SWIFT_UPCOMING_FEATURE_MEMBER_IMPORT_VISIBILITY = YES;
				SWIFT_VERSION = 5.0;
				TARGETED_DEVICE_FAMILY = "1,2";
			};
			name = Release;
		};
		8D8251072F34A4B0004D4279 /* Debug */ = {
			isa = XCBuildConfiguration;
			buildSettings = {
				CODE_SIGN_ENTITLEMENTS = SpendMateIntentsExtension/SpendMateIntentsExtension.entitlements;
				CODE_SIGN_STYLE = Automatic;
				CURRENT_PROJECT_VERSION = 1;
				DEVELOPMENT_TEAM = C4NB74B5PN;
				GENERATE_INFOPLIST_FILE = YES;
				INFOPLIST_FILE = SpendMateIntentsExtension/Info.plist;
				INFOPLIST_KEY_CFBundleDisplayName = SpendMateIntentsExtension;
				INFOPLIST_KEY_NSHumanReadableCopyright = "";
				LD_RUNPATH_SEARCH_PATHS = (
					"$(inherited)",
					"@executable_path/Frameworks",
					"@executable_path/../../Frameworks",
				);
				MARKETING_VERSION = 1.0;
				PRODUCT_BUNDLE_IDENTIFIER = com.berkaydereci.SpendMate.SpendMateIntentsExtension;
				PRODUCT_NAME = "$(TARGET_NAME)";
				SKIP_INSTALL = YES;
				STRING_CATALOG_GENERATE_SYMBOLS = YES;
				SWIFT_APPROACHABLE_CONCURRENCY = YES;
				SWIFT_EMIT_LOC_STRINGS = YES;
				SWIFT_UPCOMING_FEATURE_MEMBER_IMPORT_VISIBILITY = YES;
				SWIFT_VERSION = 5.0;
				TARGETED_DEVICE_FAMILY = "1,2";
			};
			name = Debug;
		};
		8D8251082F34A4B0004D4279 /* Release */ = {
			isa = XCBuildConfiguration;
			buildSettings = {
				CODE_SIGN_ENTITLEMENTS = SpendMateIntentsExtension/SpendMateIntentsExtension.entitlements;
				CODE_SIGN_STYLE = Automatic;
				CURRENT_PROJECT_VERSION = 1;
				DEVELOPMENT_TEAM = C4NB74B5PN;
				GENERATE_INFOPLIST_FILE = YES;
				INFOPLIST_FILE = SpendMateIntentsExtension/Info.plist;
				INFOPLIST_KEY_CFBundleDisplayName = SpendMateIntentsExtension;
				INFOPLIST_KEY_NSHumanReadableCopyright = "";
				LD_RUNPATH_SEARCH_PATHS = (
					"$(inherited)",
					"@executable_path/Frameworks",
					"@executable_path/../../Frameworks",
				);
				MARKETING_VERSION = 1.0;
				PRODUCT_BUNDLE_IDENTIFIER = com.berkaydereci.SpendMate.SpendMateIntentsExtension;
				PRODUCT_NAME = "$(TARGET_NAME)";
				SKIP_INSTALL = YES;
				STRING_CATALOG_GENERATE_SYMBOLS = YES;
				SWIFT_APPROACHABLE_CONCURRENCY = YES;
				SWIFT_EMIT_LOC_STRINGS = YES;
				SWIFT_UPCOMING_FEATURE_MEMBER_IMPORT_VISIBILITY = YES;
				SWIFT_VERSION = 5.0;
				TARGETED_DEVICE_FAMILY = "1,2";
			};
			name = Release;
		};
/* End XCBuildConfiguration section */

/* Begin XCConfigurationList section */
		8D8250412F2EA03D004D4279 /* Build configuration list for PBXProject "SpendMate" */ = {
			isa = XCConfigurationList;
			buildConfigurations = (
				8D8250672F2EA03F004D4279 /* Debug */,
				8D8250682F2EA03F004D4279 /* Release */,
			);
			defaultConfigurationIsVisible = 0;
			defaultConfigurationName = Release;
		};
		8D8250692F2EA03F004D4279 /* Build configuration list for PBXNativeTarget "SpendMate" */ = {
			isa = XCConfigurationList;
			buildConfigurations = (
				8D82506A2F2EA03F004D4279 /* Debug */,
				8D82506B2F2EA03F004D4279 /* Release */,
			);
			defaultConfigurationIsVisible = 0;
			defaultConfigurationName = Release;
		};
		8D82506C2F2EA03F004D4279 /* Build configuration list for PBXNativeTarget "SpendMateTests" */ = {
			isa = XCConfigurationList;
			buildConfigurations = (
				8D82506D2F2EA03F004D4279 /* Debug */,
				8D82506E2F2EA03F004D4279 /* Release */,
			);
			defaultConfigurationIsVisible = 0;
			defaultConfigurationName = Release;
		};
		8D82506F2F2EA03F004D4279 /* Build configuration list for PBXNativeTarget "SpendMateUITests" */ = {
			isa = XCConfigurationList;
			buildConfigurations = (
				8D8250702F2EA03F004D4279 /* Debug */,
				8D8250712F2EA03F004D4279 /* Release */,
			);
			defaultConfigurationIsVisible = 0;
			defaultConfigurationName = Release;
		};
		8D8250D92F33A949004D4279 /* Build configuration list for PBXNativeTarget "SpendMateWidgetExtension" */ = {
			isa = XCConfigurationList;
			buildConfigurations = (
				8D8250DA2F33A949004D4279 /* Debug */,
				8D8250DB2F33A949004D4279 /* Release */,
			);
			defaultConfigurationIsVisible = 0;
			defaultConfigurationName = Release;
		};
		8D8251062F34A4B0004D4279 /* Build configuration list for PBXNativeTarget "SpendMateIntentsExtension" */ = {
			isa = XCConfigurationList;
			buildConfigurations = (
				8D8251072F34A4B0004D4279 /* Debug */,
				8D8251082F34A4B0004D4279 /* Release */,
			);
			defaultConfigurationIsVisible = 0;
			defaultConfigurationName = Release;
		};
/* End XCConfigurationList section */
	};
	rootObject = 8D82503E2F2EA03D004D4279 /* Project object */;
}
